
Microsoft Visual Studio Solution File, Format Version 12.00
# Visual Studio Version 17
VisualStudioVersion = 17.11.35222.181
MinimumVisualStudioVersion = 10.0.40219.1
Project("{FAE04EC0-301F-11D3-BF4B-00C04F79EFBC}") = "SampleAPI", "SampleAPI\SampleAPI.csproj", "{7DDD6611-D2A8-4E7E-8A6C-AC895A2878E9}"
EndProject
Global
	GlobalSection(SolutionConfigurationPlatforms) = preSolution
		Debug|Any CPU = Debug|Any CPU
		Release|Any CPU = Release|Any CPU
	EndGlobalSection
	GlobalSection(ProjectConfigurationPlatforms) = postSolution
		{7DDD6611-D2A8-4E7E-8A6C-AC895A2878E9}.Debug|Any CPU.ActiveCfg = Debug|Any CPU
		{7DDD6611-D2A8-4E7E-8A6C-AC895A2878E9}.Debug|Any CPU.Build.0 = Debug|Any CPU
		{7DDD6611-D2A8-4E7E-8A6C-AC895A2878E9}.Release|Any CPU.ActiveCfg = Release|Any CPU
		{7DDD6611-D2A8-4E7E-8A6C-AC895A2878E9}.Release|Any CPU.Build.0 = Release|Any CPU
	EndGlobalSection
	GlobalSection(SolutionProperties) = preSolution
		HideSolutionNode = FALSE
	EndGlobalSection
	GlobalSection(ExtensibilityGlobals) = postSolution
		SolutionGuid = {C76F07EC-88CF-481C-B480-73BE4D084E51}
	EndGlobalSection
EndGlobal
